// !$*UTF8*$!
{
	archiveVersion = 1;
	classes = {
	};
	objectVersion = 77;
	objects = {

/* Begin PBXBuildFile section */
		8BD13CB72D5EC9F30062C666 /* Runwai.swift in Sources */ = {isa = PBXBuildFile; fileRef = 8BD13CB62D5EC9F30062C666 /* Runwai.swift */; };
		8BD13CB92D5EC9F30062C666 /* ContentView.swift in Sources */ = {isa = PBXBuildFile; fileRef = 8BD13CB82D5EC9F30062C666 /* ContentView.swift */; };
		8BD13CE12D5ECECC0062C666 /* SwiftUIView.swift in Sources */ = {isa = PBXBuildFile; fileRef = 8BD13CE02D5ECECC0062C666 /* SwiftUIView.swift */; };
/* End PBXBuildFile section */

/* Begin PBXContainerItemProxy section */
		8BD13CC42D5EC9F50062C666 /* PBXContainerItemProxy */ = {
			isa = PBXContainerItemProxy;
			containerPortal = 8BD13CAB2D5EC9F30062C666 /* Project object */;
			proxyType = 1;
			remoteGlobalIDString = 8BD13CB22D5EC9F30062C666;
			remoteInfo = "Mirna App";
		};
		8BD13CCE2D5EC9F50062C666 /* PBXContainerItemProxy */ = {
			isa = PBXContainerItemProxy;
			containerPortal = 8BD13CAB2D5EC9F30062C666 /* Project object */;
			proxyType = 1;
			remoteGlobalIDString = 8BD13CB22D5EC9F30062C666;
			remoteInfo = "Mirna App";
		};
/* End PBXContainerItemProxy section */

/* Begin PBXFileReference section */
		8BD13CB32D5EC9F30062C666 /* Runwai.app */ = {isa = PBXFileReference; explicitFileType = wrapper.application; includeInIndex = 0; path = Runwai.app; sourceTree = BUILT_PRODUCTS_DIR; };
		8BD13CB62D5EC9F30062C666 /* Runwai.swift */ = {isa = PBXFileReference; lastKnownFileType = sourcecode.swift; path = Runwai.swift; sourceTree = "<group>"; };
		8BD13CB82D5EC9F30062C666 /* ContentView.swift */ = {isa = PBXFileReference; lastKnownFileType = sourcecode.swift; path = ContentView.swift; sourceTree = "<group>"; };
		8BD13CC32D5EC9F50062C666 /* RunwaiTests.xctest */ = {isa = PBXFileReference; explicitFileType = wrapper.cfbundle; includeInIndex = 0; path = RunwaiTests.xctest; sourceTree = BUILT_PRODUCTS_DIR; };
		8BD13CCD2D5EC9F50062C666 /* RunwaiUITests.xctest */ = {isa = PBXFileReference; explicitFileType = wrapper.cfbundle; includeInIndex = 0; path = RunwaiUITests.xctest; sourceTree = BUILT_PRODUCTS_DIR; };
		8BD13CE02D5ECECC0062C666 /* SwiftUIView.swift */ = {isa = PBXFileReference; lastKnownFileType = sourcecode.swift; path = SwiftUIView.swift; sourceTree = "<group>"; };
/* End PBXFileReference section */

/* Begin PBXFileSystemSynchronizedRootGroup section */
		8BD13CB52D5EC9F30062C666 /* Mirna App */ = {
			isa = PBXFileSystemSynchronizedRootGroup;
			path = "Mirna App";
			sourceTree = "<group>";
		};
/* End PBXFileSystemSynchronizedRootGroup section */

/* Begin PBXFrameworksBuildPhase section */
		8BD13CB02D5EC9F30062C666 /* Frameworks */ = {
			isa = PBXFrameworksBuildPhase;
			buildActionMask = 2147483647;
			files = (
			);
			runOnlyForDeploymentPostprocessing = 0;
		};
		8BD13CC02D5EC9F50062C666 /* Frameworks */ = {
			isa = PBXFrameworksBuildPhase;
			buildActionMask = 2147483647;
			files = (
			);
			runOnlyForDeploymentPostprocessing = 0;
		};
		8BD13CCA2D5EC9F50062C666 /* Frameworks */ = {
			isa = PBXFrameworksBuildPhase;
			buildActionMask = 2147483647;
			files = (
			);
			runOnlyForDeploymentPostprocessing = 0;
		};
/* End PBXFrameworksBuildPhase section */

/* Begin PBXGroup section */
		8BD13CAA2D5EC9F30062C666 = {
			isa = PBXGroup;
			children = (
				8BD13CB62D5EC9F30062C666 /* Runwai.swift */,
				8BD13CB82D5EC9F30062C666 /* ContentView.swift */,
				8BD13CE02D5ECECC0062C666 /* SwiftUIView.swift */,
				8BD13CB52D5EC9F30062C666 /* Mirna App */,
				8BD13CB42D5EC9F30062C666 /* Products */,
			);
			sourceTree = "<group>";
		};
		8BD13CB42D5EC9F30062C666 /* Products */ = {
			isa = PBXGroup;
			children = (
				8BD13CB32D5EC9F30062C666 /* Runwai.app */,
				8BD13CC32D5EC9F50062C666 /* RunwaiTests.xctest */,
				8BD13CCD2D5EC9F50062C666 /* RunwaiUITests.xctest */,
			);
			name = Products;
			sourceTree = "<group>";
		};
/* End PBXGroup section */

/* Begin PBXNativeTarget section */
		8BD13CB22D5EC9F30062C666 /* Runwai */ = {
			isa = PBXNativeTarget;
			buildConfigurationList = 8BD13CD72D5EC9F50062C666 /* Build configuration list for PBXNativeTarget "Runwai" */;
			buildPhases = (
				8BD13CAF2D5EC9F30062C666 /* Sources */,
				8BD13CB02D5EC9F30062C666 /* Frameworks */,
				8BD13CB12D5EC9F30062C666 /* Resources */,
			);
			buildRules = (
			);
			dependencies = (
			);
			fileSystemSynchronizedGroups = (
				8BD13CB52D5EC9F30062C666 /* Mirna App */,
			);
			name = Runwai;
			packageProductDependencies = (
			);
			productName = "Mirna App";
			productReference = 8BD13CB32D5EC9F30062C666 /* Runwai.app */;
			productType = "com.apple.product-type.application";
		};
		8BD13CC22D5EC9F50062C666 /* RunwaiTests */ = {
			isa = PBXNativeTarget;
			buildConfigurationList = 8BD13CDA2D5EC9F50062C666 /* Build configuration list for PBXNativeTarget "RunwaiTests" */;
			buildPhases = (
				8BD13CBF2D5EC9F50062C666 /* Sources */,
				8BD13CC02D5EC9F50062C666 /* Frameworks */,
				8BD13CC12D5EC9F50062C666 /* Resources */,
			);
			buildRules = (
			);
			dependencies = (
				8BD13CC52D5EC9F50062C666 /* PBXTargetDependency */,
			);
			name = RunwaiTests;
			packageProductDependencies = (
			);
			productName = "Mirna AppTests";
			productReference = 8BD13CC32D5EC9F50062C666 /* RunwaiTests.xctest */;
			productType = "com.apple.product-type.bundle.unit-test";
		};
		8BD13CCC2D5EC9F50062C666 /* RunwaiUITests */ = {
			isa = PBXNativeTarget;
			buildConfigurationList = 8BD13CDD2D5EC9F50062C666 /* Build configuration list for PBXNativeTarget "RunwaiUITests" */;
			buildPhases = (
				8BD13CC92D5EC9F50062C666 /* Sources */,
				8BD13CCA2D5EC9F50062C666 /* Frameworks */,
				8BD13CCB2D5EC9F50062C666 /* Resources */,
			);
			buildRules = (
			);
			dependencies = (
				8BD13CCF2D5EC9F50062C666 /* PBXTargetDependency */,
			);
			name = RunwaiUITests;
			packageProductDependencies = (
			);
			productName = "Mirna AppUITests";
			productReference = 8BD13CCD2D5EC9F50062C666 /* RunwaiUITests.xctest */;
			productType = "com.apple.product-type.bundle.ui-testing";
		};
/* End PBXNativeTarget section */

/* Begin PBXProject section */
		8BD13CAB2D5EC9F30062C666 /* Project object */ = {
			isa = PBXProject;
			attributes = {
				BuildIndependentTargetsInParallel = 1;
				LastSwiftUpdateCheck = 1620;
				LastUpgradeCheck = 1620;
				TargetAttributes = {
					8BD13CB22D5EC9F30062C666 = {
						CreatedOnToolsVersion = 16.2;
					};
					8BD13CC22D5EC9F50062C666 = {
						CreatedOnToolsVersion = 16.2;
						TestTargetID = 8BD13CB22D5EC9F30062C666;
					};
					8BD13CCC2D5EC9F50062C666 = {
						CreatedOnToolsVersion = 16.2;
						TestTargetID = 8BD13CB22D5EC9F30062C666;
					};
				};
			};
			buildConfigurationList = 8BD13CAE2D5EC9F30062C666 /* Build configuration list for PBXProject "Runwai" */;
			developmentRegion = en;
			hasScannedForEncodings = 0;
			knownRegions = (
				en,
				Base,
			);
			mainGroup = 8BD13CAA2D5EC9F30062C666;
			minimizedProjectReferenceProxies = 1;
			preferredProjectObjectVersion = 77;
			productRefGroup = 8BD13CB42D5EC9F30062C666 /* Products */;
			projectDirPath = "";
			projectRoot = "";
			targets = (
				8BD13CB22D5EC9F30062C666 /* Runwai */,
				8BD13CC22D5EC9F50062C666 /* RunwaiTests */,
				8BD13CCC2D5EC9F50062C666 /* RunwaiUITests */,
			);
		};
/* End PBXProject section */

/* Begin PBXResourcesBuildPhase section */
		8BD13CB12D5EC9F30062C666 /* Resources */ = {
			isa = PBXResourcesBuildPhase;
			buildActionMask = 2147483647;
			files = (
			);
			runOnlyForDeploymentPostprocessing = 0;
		};
		8BD13CC12D5EC9F50062C666 /* Resources */ = {
			isa = PBXResourcesBuildPhase;
			buildActionMask = 2147483647;
			files = (
			);
			runOnlyForDeploymentPostprocessing = 0;
		};
		8BD13CCB2D5EC9F50062C666 /* Resources */ = {
			isa = PBXResourcesBuildPhase;
			buildActionMask = 2147483647;
			files = (
			);
			runOnlyForDeploymentPostprocessing = 0;
		};
/* End PBXResourcesBuildPhase section */

/* Begin PBXSourcesBuildPhase section */
		8BD13CAF2D5EC9F30062C666 /* Sources */ = {
			isa = PBXSourcesBuildPhase;
			buildActionMask = 2147483647;
			files = (
				8BD13CB92D5EC9F30062C666 /* ContentView.swift in Sources */,
				8BD13CB72D5EC9F30062C666 /* Runwai.swift in Sources */,
				8BD13CE12D5ECECC0062C666 /* SwiftUIView.swift in Sources */,
			);
			runOnlyForDeploymentPostprocessing = 0;
		};
		8BD13CBF2D5EC9F50062C666 /* Sources */ = {
			isa = PBXSourcesBuildPhase;
			buildActionMask = 2147483647;
			files = (
			);
			runOnlyForDeploymentPostprocessing = 0;
		};
		8BD13CC92D5EC9F50062C666 /* Sources */ = {
			isa = PBXSourcesBuildPhase;
			buildActionMask = 2147483647;
			files = (
			);
			runOnlyForDeploymentPostprocessing = 0;
		};
/* End PBXSourcesBuildPhase section */

/* Begin PBXTargetDependency section */
		8BD13CC52D5EC9F50062C666 /* PBXTargetDependency */ = {
			isa = PBXTargetDependency;
			target = 8BD13CB22D5EC9F30062C666 /* Runwai */;
			targetProxy = 8BD13CC42D5EC9F50062C666 /* PBXContainerItemProxy */;
		};
		8BD13CCF2D5EC9F50062C666 /* PBXTargetDependency */ = {
			isa = PBXTargetDependency;
			target = 8BD13CB22D5EC9F30062C666 /* Runwai */;
			targetProxy = 8BD13CCE2D5EC9F50062C666 /* PBXContainerItemProxy */;
		};
/* End PBXTargetDependency section */

/* Begin XCBuildConfiguration section */
		8BD13CD52D5EC9F50062C666 /* Debug */ = {
			isa = XCBuildConfiguration;
			buildSettings = {
				ALWAYS_SEARCH_USER_PATHS = NO;
				ASSETCATALOG_COMPILER_GENERATE_SWIFT_ASSET_SYMBOL_EXTENSIONS = YES;
				CLANG_ANALYZER_NONNULL = YES;
				CLANG_ANALYZER_NUMBER_OBJECT_CONVERSION = YES_AGGRESSIVE;
				CLANG_CXX_LANGUAGE_STANDARD = "gnu++20";
				CLANG_ENABLE_MODULES = YES;
				CLANG_ENABLE_OBJC_ARC = YES;
				CLANG_ENABLE_OBJC_WEAK = YES;
				CLANG_WARN_BLOCK_CAPTURE_AUTORELEASING = YES;
				CLANG_WARN_BOOL_CONVERSION = YES;
				CLANG_WARN_COMMA = YES;
				CLANG_WARN_CONSTANT_CONVERSION = YES;
				CLANG_WARN_DEPRECATED_OBJC_IMPLEMENTATIONS = YES;
				CLANG_WARN_DIRECT_OBJC_ISA_USAGE = YES_ERROR;
				CLANG_WARN_DOCUMENTATION_COMMENTS = YES;
				CLANG_WARN_EMPTY_BODY = YES;
				CLANG_WARN_ENUM_CONVERSION = YES;
				CLANG_WARN_INFINITE_RECURSION = YES;
				CLANG_WARN_INT_CONVERSION = YES;
				CLANG_WARN_NON_LITERAL_NULL_CONVERSION = YES;
				CLANG_WARN_OBJC_IMPLICIT_RETAIN_SELF = YES;
				CLANG_WARN_OBJC_LITERAL_CONVERSION = YES;
				CLANG_WARN_OBJC_ROOT_CLASS = YES_ERROR;
				CLANG_WARN_QUOTED_INCLUDE_IN_FRAMEWORK_HEADER = YES;
				CLANG_WARN_RANGE_LOOP_ANALYSIS = YES;
				CLANG_WARN_STRICT_PROTOTYPES = YES;
				CLANG_WARN_SUSPICIOUS_MOVE = YES;
				CLANG_WARN_UNGUARDED_AVAILABILITY = YES_AGGRESSIVE;
				CLANG_WARN_UNREACHABLE_CODE = YES;
				CLANG_WARN__DUPLICATE_METHOD_MATCH = YES;
				COPY_PHASE_STRIP = NO;
				DEBUG_INFORMATION_FORMAT = dwarf;
				ENABLE_STRICT_OBJC_MSGSEND = YES;
				ENABLE_TESTABILITY = YES;
				ENABLE_USER_SCRIPT_SANDBOXING = YES;
				GCC_C_LANGUAGE_STANDARD = gnu17;
				GCC_DYNAMIC_NO_PIC = NO;
				GCC_NO_COMMON_BLOCKS = YES;
				GCC_OPTIMIZATION_LEVEL = 0;
				GCC_PREPROCESSOR_DEFINITIONS = (
					"DEBUG=1",
					"$(inherited)",
				);
				GCC_WARN_64_TO_32_BIT_CONVERSION = YES;
				GCC_WARN_ABOUT_RETURN_TYPE = YES_ERROR;
				GCC_WARN_UNDECLARED_SELECTOR = YES;
				GCC_WARN_UNINITIALIZED_AUTOS = YES_AGGRESSIVE;
				GCC_WARN_UNUSED_FUNCTION = YES;
				GCC_WARN_UNUSED_VARIABLE = YES;
				IPHONEOS_DEPLOYMENT_TARGET = 18.2;
				LOCALIZATION_PREFERS_STRING_CATALOGS = YES;
				MTL_ENABLE_DEBUG_INFO = INCLUDE_SOURCE;
				MTL_FAST_MATH = YES;
				ONLY_ACTIVE_ARCH = YES;
				SDKROOT = iphoneos;
				SWIFT_ACTIVE_COMPILATION_CONDITIONS = "DEBUG $(inherited)";
				SWIFT_OPTIMIZATION_LEVEL = "-Onone";
			};
			name = Debug;
		};
		8BD13CD62D5EC9F50062C666 /* Release */ = {
			isa = XCBuildConfiguration;
			buildSettings = {
				ALWAYS_SEARCH_USER_PATHS = NO;
				ASSETCATALOG_COMPILER_GENERATE_SWIFT_ASSET_SYMBOL_EXTENSIONS = YES;
				CLANG_ANALYZER_NONNULL = YES;
				CLANG_ANALYZER_NUMBER_OBJECT_CONVERSION = YES_AGGRESSIVE;
				CLANG_CXX_LANGUAGE_STANDARD = "gnu++20";
				CLANG_ENABLE_MODULES = YES;
				CLANG_ENABLE_OBJC_ARC = YES;
				CLANG_ENABLE_OBJC_WEAK = YES;
				CLANG_WARN_BLOCK_CAPTURE_AUTORELEASING = YES;
				CLANG_WARN_BOOL_CONVERSION = YES;
				CLANG_WARN_COMMA = YES;
				CLANG_WARN_CONSTANT_CONVERSION = YES;
				CLANG_WARN_DEPRECATED_OBJC_IMPLEMENTATIONS = YES;
				CLANG_WARN_DIRECT_OBJC_ISA_USAGE = YES_ERROR;
				CLANG_WARN_DOCUMENTATION_COMMENTS = YES;
				CLANG_WARN_EMPTY_BODY = YES;
				CLANG_WARN_ENUM_CONVERSION = YES;
				CLANG_WARN_INFINITE_RECURSION = YES;
				CLANG_WARN_INT_CONVERSION = YES;
				CLANG_WARN_NON_LITERAL_NULL_CONVERSION = YES;
				CLANG_WARN_OBJC_IMPLICIT_RETAIN_SELF = YES;
				CLANG_WARN_OBJC_LITERAL_CONVERSION = YES;
				CLANG_WARN_OBJC_ROOT_CLASS = YES_ERROR;
				CLANG_WARN_QUOTED_INCLUDE_IN_FRAMEWORK_HEADER = YES;
				CLANG_WARN_RANGE_LOOP_ANALYSIS = YES;
				CLANG_WARN_STRICT_PROTOTYPES = YES;
				CLANG_WARN_SUSPICIOUS_MOVE = YES;
				CLANG_WARN_UNGUARDED_AVAILABILITY = YES_AGGRESSIVE;
				CLANG_WARN_UNREACHABLE_CODE = YES;
				CLANG_WARN__DUPLICATE_METHOD_MATCH = YES;
				COPY_PHASE_STRIP = NO;
				DEBUG_INFORMATION_FORMAT = "dwarf-with-dsym";
				ENABLE_NS_ASSERTIONS = NO;
				ENABLE_STRICT_OBJC_MSGSEND = YES;
				ENABLE_USER_SCRIPT_SANDBOXING = YES;
				GCC_C_LANGUAGE_STANDARD = gnu17;
				GCC_NO_COMMON_BLOCKS = YES;
				GCC_WARN_64_TO_32_BIT_CONVERSION = YES;
				GCC_WARN_ABOUT_RETURN_TYPE = YES_ERROR;
				GCC_WARN_UNDECLARED_SELECTOR = YES;
				GCC_WARN_UNINITIALIZED_AUTOS = YES_AGGRESSIVE;
				GCC_WARN_UNUSED_FUNCTION = YES;
				GCC_WARN_UNUSED_VARIABLE = YES;
				IPHONEOS_DEPLOYMENT_TARGET = 18.2;
				LOCALIZATION_PREFERS_STRING_CATALOGS = YES;
				MTL_ENABLE_DEBUG_INFO = NO;
				MTL_FAST_MATH = YES;
				SDKROOT = iphoneos;
				SWIFT_COMPILATION_MODE = wholemodule;
				VALIDATE_PRODUCT = YES;
			};
			name = Release;
		};
		8BD13CD82D5EC9F50062C666 /* Debug */ = {
			isa = XCBuildConfiguration;
			buildSettings = {
				ASSETCATALOG_COMPILER_APPICON_NAME = AppIcon;
				ASSETCATALOG_COMPILER_GLOBAL_ACCENT_COLOR_NAME = AccentColor;
				CODE_SIGN_STYLE = Automatic;
				CURRENT_PROJECT_VERSION = 1;
				DEVELOPMENT_ASSET_PATHS = "\"Mirna App/Preview Content\"";
				DEVELOPMENT_TEAM = AMU2LP62W2;
				ENABLE_PREVIEWS = YES;
				GENERATE_INFOPLIST_FILE = YES;
				INFOPLIST_KEY_UIApplicationSceneManifest_Generation = YES;
				INFOPLIST_KEY_UIApplicationSupportsIndirectInputEvents = YES;
				INFOPLIST_KEY_UILaunchScreen_Generation = YES;
				INFOPLIST_KEY_UISupportedInterfaceOrientations_iPad = "UIInterfaceOrientationPortrait UIInterfaceOrientationPortraitUpsideDown UIInterfaceOrientationLandscapeLeft UIInterfaceOrientationLandscapeRight";
				INFOPLIST_KEY_UISupportedInterfaceOrientations_iPhone = "UIInterfaceOrientationPortrait UIInterfaceOrientationLandscapeLeft UIInterfaceOrientationLandscapeRight";
				LD_RUNPATH_SEARCH_PATHS = (
					"$(inherited)",
					"@executable_path/Frameworks",
				);
				MARKETING_VERSION = 1.0;
				PRODUCT_BUNDLE_IDENTIFIER = nathanieltedesco.Runwai;
				PRODUCT_NAME = "$(TARGET_NAME)";
				SWIFT_EMIT_LOC_STRINGS = YES;
				SWIFT_VERSION = 5.0;
				TARGETED_DEVICE_FAMILY = "1,2";
			};
			name = Debug;
		};
		8BD13CD92D5EC9F50062C666 /* Release */ = {
			isa = XCBuildConfiguration;
			buildSettings = {
				ASSETCATALOG_COMPILER_APPICON_NAME = AppIcon;
				ASSETCATALOG_COMPILER_GLOBAL_ACCENT_COLOR_NAME = AccentColor;
				CODE_SIGN_STYLE = Automatic;
				CURRENT_PROJECT_VERSION = 1;
				DEVELOPMENT_ASSET_PATHS = "\"Mirna App/Preview Content\"";
				DEVELOPMENT_TEAM = AMU2LP62W2;
				ENABLE_PREVIEWS = YES;
				GENERATE_INFOPLIST_FILE = YES;
				INFOPLIST_KEY_UIApplicationSceneManifest_Generation = YES;
				INFOPLIST_KEY_UIApplicationSupportsIndirectInputEvents = YES;
				INFOPLIST_KEY_UILaunchScreen_Generation = YES;
				INFOPLIST_KEY_UISupportedInterfaceOrientations_iPad = "UIInterfaceOrientationPortrait UIInterfaceOrientationPortraitUpsideDown UIInterfaceOrientationLandscapeLeft UIInterfaceOrientationLandscapeRight";
				INFOPLIST_KEY_UISupportedInterfaceOrientations_iPhone = "UIInterfaceOrientationPortrait UIInterfaceOrientationLandscapeLeft UIInterfaceOrientationLandscapeRight";
				LD_RUNPATH_SEARCH_PATHS = (
					"$(inherited)",
					"@executable_path/Frameworks",
				);
				MARKETING_VERSION = 1.0;
				PRODUCT_BUNDLE_IDENTIFIER = nathanieltedesco.Runwai;
				PRODUCT_NAME = "$(TARGET_NAME)";
				SWIFT_EMIT_LOC_STRINGS = YES;
				SWIFT_VERSION = 5.0;
				TARGETED_DEVICE_FAMILY = "1,2";
			};
			name = Release;
		};
		8BD13CDB2D5EC9F50062C666 /* Debug */ = {
			isa = XCBuildConfiguration;
			buildSettings = {
				BUNDLE_LOADER = "$(TEST_HOST)";
				CODE_SIGN_STYLE = Automatic;
				CURRENT_PROJECT_VERSION = 1;
				DEVELOPMENT_TEAM = AMU2LP62W2;
				GENERATE_INFOPLIST_FILE = YES;
				IPHONEOS_DEPLOYMENT_TARGET = 18.2;
				MARKETING_VERSION = 1.0;
				PRODUCT_BUNDLE_IDENTIFIER = "nathanieltedesco.Mirna-AppTests";
				PRODUCT_NAME = "$(TARGET_NAME)";
				SWIFT_EMIT_LOC_STRINGS = NO;
				SWIFT_VERSION = 5.0;
				TARGETED_DEVICE_FAMILY = "1,2";
				TEST_HOST = "$(BUILT_PRODUCTS_DIR)/Runwai.app/$(BUNDLE_EXECUTABLE_FOLDER_PATH)/Runwai";
			};
			name = Debug;
		};
		8BD13CDC2D5EC9F50062C666 /* Release */ = {
			isa = XCBuildConfiguration;
			buildSettings = {
				BUNDLE_LOADER = "$(TEST_HOST)";
				CODE_SIGN_STYLE = Automatic;
				CURRENT_PROJECT_VERSION = 1;
				DEVELOPMENT_TEAM = AMU2LP62W2;
				GENERATE_INFOPLIST_FILE = YES;
				IPHONEOS_DEPLOYMENT_TARGET = 18.2;
				MARKETING_VERSION = 1.0;
				PRODUCT_BUNDLE_IDENTIFIER = "nathanieltedesco.Mirna-AppTests";
				PRODUCT_NAME = "$(TARGET_NAME)";
				SWIFT_EMIT_LOC_STRINGS = NO;
				SWIFT_VERSION = 5.0;
				TARGETED_DEVICE_FAMILY = "1,2";
				TEST_HOST = "$(BUILT_PRODUCTS_DIR)/Runwai.app/$(BUNDLE_EXECUTABLE_FOLDER_PATH)/Runwai";
			};
			name = Release;
		};
		8BD13CDE2D5EC9F50062C666 /* Debug */ = {
			isa = XCBuildConfiguration;
			buildSettings = {
				CODE_SIGN_STYLE = Automatic;
				CURRENT_PROJECT_VERSION = 1;
				DEVELOPMENT_TEAM = AMU2LP62W2;
				GENERATE_INFOPLIST_FILE = YES;
				MARKETING_VERSION = 1.0;
				PRODUCT_BUNDLE_IDENTIFIER = "nathanieltedesco.Mirna-AppUITests";
				PRODUCT_NAME = "$(TARGET_NAME)";
				SWIFT_EMIT_LOC_STRINGS = NO;
				SWIFT_VERSION = 5.0;
				TARGETED_DEVICE_FAMILY = "1,2";
				TEST_TARGET_NAME = "Mirna App";
			};
			name = Debug;
		};
		8BD13CDF2D5EC9F50062C666 /* Release */ = {
			isa = XCBuildConfiguration;
			buildSettings = {
				CODE_SIGN_STYLE = Automatic;
				CURRENT_PROJECT_VERSION = 1;
				DEVELOPMENT_TEAM = AMU2LP62W2;
				GENERATE_INFOPLIST_FILE = YES;
				MARKETING_VERSION = 1.0;
				PRODUCT_BUNDLE_IDENTIFIER = "nathanieltedesco.Mirna-AppUITests";
				PRODUCT_NAME = "$(TARGET_NAME)";
				SWIFT_EMIT_LOC_STRINGS = NO;
				SWIFT_VERSION = 5.0;
				TARGETED_DEVICE_FAMILY = "1,2";
				TEST_TARGET_NAME = "Mirna App";
			};
			name = Release;
		};
/* End XCBuildConfiguration section */

/* Begin XCConfigurationList section */
		8BD13CAE2D5EC9F30062C666 /* Build configuration list for PBXProject "Runwai" */ = {
			isa = XCConfigurationList;
			buildConfigurations = (
				8BD13CD52D5EC9F50062C666 /* Debug */,
				8BD13CD62D5EC9F50062C666 /* Release */,
			);
			defaultConfigurationIsVisible = 0;
			defaultConfigurationName = Release;
		};
		8BD13CD72D5EC9F50062C666 /* Build configuration list for PBXNativeTarget "Runwai" */ = {
			isa = XCConfigurationList;
			buildConfigurations = (
				8BD13CD82D5EC9F50062C666 /* Debug */,
				8BD13CD92D5EC9F50062C666 /* Release */,
			);
			defaultConfigurationIsVisible = 0;
			defaultConfigurationName = Release;
		};
		8BD13CDA2D5EC9F50062C666 /* Build configuration list for PBXNativeTarget "RunwaiTests" */ = {
			isa = XCConfigurationList;
			buildConfigurations = (
				8BD13CDB2D5EC9F50062C666 /* Debug */,
				8BD13CDC2D5EC9F50062C666 /* Release */,
			);
			defaultConfigurationIsVisible = 0;
			defaultConfigurationName = Release;
		};
		8BD13CDD2D5EC9F50062C666 /* Build configuration list for PBXNativeTarget "RunwaiUITests" */ = {
			isa = XCConfigurationList;
			buildConfigurations = (
				8BD13CDE2D5EC9F50062C666 /* Debug */,
				8BD13CDF2D5EC9F50062C666 /* Release */,
			);
			defaultConfigurationIsVisible = 0;
			defaultConfigurationName = Release;
		};
/* End XCConfigurationList section */
	};
	rootObject = 8BD13CAB2D5EC9F30062C666 /* Project object */;
}
